
Microsoft Visual Studio Solution File, Format Version 12.00
# Visual Studio 14
VisualStudioVersion = 14.0.25420.1
MinimumVisualStudioVersion = 10.0.40219.1
Project("{FAE04EC0-301F-11D3-BF4B-00C04F79EFBC}") = "PracticeDemo", "PracticeDemo\PracticeDemo.csproj", "{8E8F92B0-6FE9-416F-A59C-4E73BC3EBF5F}"
EndProject
Project("{FAE04EC0-301F-11D3-BF4B-00C04F79EFBC}") = "MsmqManager", "MsmqManager\MsmqManager.csproj", "{B98A6A47-E69C-463A-999C-5E5CE3D9C624}"
EndProject
Project("{FAE04EC0-301F-11D3-BF4B-00C04F79EFBC}") = "Log4NetDemo", "Log4NetDemo\Log4NetDemo.csproj", "{E2532F9F-8F9D-4885-9066-E4A06CEEE767}"
EndProject
Project("{FAE04EC0-301F-11D3-BF4B-00C04F79EFBC}") = "XMLPaogram", "XMLPaogram\XMLPaogram.csproj", "{5643F189-11DB-44B0-8C2C-0ABFBF82F3DC}"
EndProject
Project("{FAE04EC0-301F-11D3-BF4B-00C04F79EFBC}") = "MqmqDemo", "MqmqDemo\MqmqDemo.csproj", "{F6E518C5-3C08-43F8-9130-74C46DAD1ACA}"
EndProject
Project("{FAE04EC0-301F-11D3-BF4B-00C04F79EFBC}") = "MsmqServer", "MsmqServer\MsmqServer.csproj", "{3742F84A-1C17-4B2C-A8B9-D66DB7DDAE9F}"
EndProject
Project("{FAE04EC0-301F-11D3-BF4B-00C04F79EFBC}") = "JsonHandle", "JsonHandle\JsonHandle.csproj", "{D5797163-ED5C-4CC4-A692-AD930322CC12}"
EndProject
Project("{FAE04EC0-301F-11D3-BF4B-00C04F79EFBC}") = "HttpClientDemo", "HttpClientDemo\HttpClientDemo.csproj", "{EBC65C3E-46C0-430A-8F56-E48F1486F29A}"
EndProject
Project("{FAE04EC0-301F-11D3-BF4B-00C04F79EFBC}") = "MVC-Static-View", "MVC-Static-View\MVC-Static-View.csproj", "{330807B1-5194-465A-B61B-BB228A126A67}"
EndProject
Project("{FAE04EC0-301F-11D3-BF4B-00C04F79EFBC}") = "CSharpLanguage", "CSharpLanguage\CSharpLanguage.csproj", "{53D520BB-270D-4D20-B6BD-EA70CB61CDDB}"
EndProject
Project("{FAE04EC0-301F-11D3-BF4B-00C04F79EFBC}") = "RedisDemo", "RedisDemo\RedisDemo.csproj", "{6C2718BA-B9F8-4D8C-BCA5-F641116241FA}"
EndProject
Project("{FAE04EC0-301F-11D3-BF4B-00C04F79EFBC}") = "MVC_StaticView", "MVC_StaticView\MVC_StaticView.csproj", "{1594282F-D604-464C-81F8-CC16695825B8}"
EndProject
Project("{FAE04EC0-301F-11D3-BF4B-00C04F79EFBC}") = "AsyncDemo", "AsyncDemo\AsyncDemo.csproj", "{51EB5229-90B5-4A08-A85E-BC70E57BEA77}"
EndProject
Project("{2150E333-8FDC-42A3-9474-1A3956D46DE8}") = "MVC", "MVC", "{4EE9CC06-FCAA-4355-955B-0F0F210D529B}"
EndProject
Project("{2150E333-8FDC-42A3-9474-1A3956D46DE8}") = "Lang", "Lang", "{7E32C8B8-7ECA-4D26-AF80-42471D6011FF}"
EndProject
Project("{2150E333-8FDC-42A3-9474-1A3956D46DE8}") = "Lib", "Lib", "{8544B779-734E-403A-83FF-58C2DF6F907F}"
EndProject
Project("{2150E333-8FDC-42A3-9474-1A3956D46DE8}") = "Other", "Other", "{B43569AF-4975-4C01-B81B-D953D59D20E6}"
EndProject
Project("{FAE04EC0-301F-11D3-BF4B-00C04F79EFBC}") = "ConfigExtendDemo", "ConfigExtendDemo\ConfigExtendDemo.csproj", "{EE679D16-936E-434B-B147-DFDE9D3EE87A}"
EndProject
Project("{2150E333-8FDC-42A3-9474-1A3956D46DE8}") = "Linqtosql", "Linqtosql", "{70E6881D-FACB-4299-AA61-996279A3C690}"
EndProject
Project("{FAE04EC0-301F-11D3-BF4B-00C04F79EFBC}") = "LinqtosqlDemo", "LinqtosqlDemo\LinqtosqlDemo.csproj", "{0AA139F6-754D-4147-92EE-C6761D34A557}"
EndProject
Project("{FAE04EC0-301F-11D3-BF4B-00C04F79EFBC}") = "TPLDataFlow", "TPLDataFlow\TPLDataFlow.csproj", "{10EE9F0C-9F3E-42D5-A62A-0088852241E6}"
EndProject
Project("{FAE04EC0-301F-11D3-BF4B-00C04F79EFBC}") = "MongoTest", "MongoTest\MongoTest.csproj", "{89C0AA28-5714-4509-9B40-FB7C16D7CC69}"
EndProject
Project("{FAE04EC0-301F-11D3-BF4B-00C04F79EFBC}") = "AopDemo", "AopDemo\AopDemo.csproj", "{E3BA26F1-4390-47EC-AAA6-E5713D184962}"
EndProject
Project("{FAE04EC0-301F-11D3-BF4B-00C04F79EFBC}") = "Unity.Aop.Demo", "Unity.Aop.Demo\Unity.Aop.Demo.csproj", "{86FD76AB-3460-4FCC-85FB-42A1AA9FFACB}"
EndProject
Project("{FAE04EC0-301F-11D3-BF4B-00C04F79EFBC}") = "ConsoleApplication1", "ConsoleApplication1\ConsoleApplication1.csproj", "{1C811722-7019-4FEE-926A-31732AAE1DC3}"
EndProject
Project("{FAE04EC0-301F-11D3-BF4B-00C04F79EFBC}") = "TPL.ParallelDemo", "TPL.Parallel\TPL.ParallelDemo.csproj", "{A37BCE8B-23D4-4519-A5FA-E40A52B22B37}"
EndProject
Project("{FAE04EC0-301F-11D3-BF4B-00C04F79EFBC}") = "EmitDemo", "EmitDemo\EmitDemo.csproj", "{9DDD9D22-FE7D-4E6C-AE8D-387FE0D22BF0}"
EndProject
Project("{FAE04EC0-301F-11D3-BF4B-00C04F79EFBC}") = "WebServiceClient", "WebServiceClient\WebServiceClient.csproj", "{6C3BD54D-8D10-44BE-84DA-F8224AC142AD}"
EndProject
Global
	GlobalSection(SolutionConfigurationPlatforms) = preSolution
		Debug|Any CPU = Debug|Any CPU
		Release|Any CPU = Release|Any CPU
	EndGlobalSection
	GlobalSection(ProjectConfigurationPlatforms) = postSolution
		{8E8F92B0-6FE9-416F-A59C-4E73BC3EBF5F}.Debug|Any CPU.ActiveCfg = Debug|Any CPU
		{8E8F92B0-6FE9-416F-A59C-4E73BC3EBF5F}.Debug|Any CPU.Build.0 = Debug|Any CPU
		{8E8F92B0-6FE9-416F-A59C-4E73BC3EBF5F}.Release|Any CPU.ActiveCfg = Release|Any CPU
		{8E8F92B0-6FE9-416F-A59C-4E73BC3EBF5F}.Release|Any CPU.Build.0 = Release|Any CPU
		{B98A6A47-E69C-463A-999C-5E5CE3D9C624}.Debug|Any CPU.ActiveCfg = Debug|Any CPU
		{B98A6A47-E69C-463A-999C-5E5CE3D9C624}.Debug|Any CPU.Build.0 = Debug|Any CPU
		{B98A6A47-E69C-463A-999C-5E5CE3D9C624}.Release|Any CPU.ActiveCfg = Release|Any CPU
		{B98A6A47-E69C-463A-999C-5E5CE3D9C624}.Release|Any CPU.Build.0 = Release|Any CPU
		{E2532F9F-8F9D-4885-9066-E4A06CEEE767}.Debug|Any CPU.ActiveCfg = Debug|Any CPU
		{E2532F9F-8F9D-4885-9066-E4A06CEEE767}.Debug|Any CPU.Build.0 = Debug|Any CPU
		{E2532F9F-8F9D-4885-9066-E4A06CEEE767}.Release|Any CPU.ActiveCfg = Release|Any CPU
		{E2532F9F-8F9D-4885-9066-E4A06CEEE767}.Release|Any CPU.Build.0 = Release|Any CPU
		{5643F189-11DB-44B0-8C2C-0ABFBF82F3DC}.Debug|Any CPU.ActiveCfg = Debug|Any CPU
		{5643F189-11DB-44B0-8C2C-0ABFBF82F3DC}.Debug|Any CPU.Build.0 = Debug|Any CPU
		{5643F189-11DB-44B0-8C2C-0ABFBF82F3DC}.Release|Any CPU.ActiveCfg = Release|Any CPU
		{5643F189-11DB-44B0-8C2C-0ABFBF82F3DC}.Release|Any CPU.Build.0 = Release|Any CPU
		{F6E518C5-3C08-43F8-9130-74C46DAD1ACA}.Debug|Any CPU.ActiveCfg = Debug|Any CPU
		{F6E518C5-3C08-43F8-9130-74C46DAD1ACA}.Debug|Any CPU.Build.0 = Debug|Any CPU
		{F6E518C5-3C08-43F8-9130-74C46DAD1ACA}.Release|Any CPU.ActiveCfg = Release|Any CPU
		{F6E518C5-3C08-43F8-9130-74C46DAD1ACA}.Release|Any CPU.Build.0 = Release|Any CPU
		{3742F84A-1C17-4B2C-A8B9-D66DB7DDAE9F}.Debug|Any CPU.ActiveCfg = Debug|Any CPU
		{3742F84A-1C17-4B2C-A8B9-D66DB7DDAE9F}.Debug|Any CPU.Build.0 = Debug|Any CPU
		{3742F84A-1C17-4B2C-A8B9-D66DB7DDAE9F}.Release|Any CPU.ActiveCfg = Release|Any CPU
		{3742F84A-1C17-4B2C-A8B9-D66DB7DDAE9F}.Release|Any CPU.Build.0 = Release|Any CPU
		{D5797163-ED5C-4CC4-A692-AD930322CC12}.Debug|Any CPU.ActiveCfg = Debug|Any CPU
		{D5797163-ED5C-4CC4-A692-AD930322CC12}.Debug|Any CPU.Build.0 = Debug|Any CPU
		{D5797163-ED5C-4CC4-A692-AD930322CC12}.Release|Any CPU.ActiveCfg = Release|Any CPU
		{D5797163-ED5C-4CC4-A692-AD930322CC12}.Release|Any CPU.Build.0 = Release|Any CPU
		{EBC65C3E-46C0-430A-8F56-E48F1486F29A}.Debug|Any CPU.ActiveCfg = Debug|Any CPU
		{EBC65C3E-46C0-430A-8F56-E48F1486F29A}.Debug|Any CPU.Build.0 = Debug|Any CPU
		{EBC65C3E-46C0-430A-8F56-E48F1486F29A}.Release|Any CPU.ActiveCfg = Release|Any CPU
		{EBC65C3E-46C0-430A-8F56-E48F1486F29A}.Release|Any CPU.Build.0 = Release|Any CPU
		{330807B1-5194-465A-B61B-BB228A126A67}.Debug|Any CPU.ActiveCfg = Debug|Any CPU
		{330807B1-5194-465A-B61B-BB228A126A67}.Debug|Any CPU.Build.0 = Debug|Any CPU
		{330807B1-5194-465A-B61B-BB228A126A67}.Release|Any CPU.ActiveCfg = Release|Any CPU
		{330807B1-5194-465A-B61B-BB228A126A67}.Release|Any CPU.Build.0 = Release|Any CPU
		{53D520BB-270D-4D20-B6BD-EA70CB61CDDB}.Debug|Any CPU.ActiveCfg = Debug|Any CPU
		{53D520BB-270D-4D20-B6BD-EA70CB61CDDB}.Debug|Any CPU.Build.0 = Debug|Any CPU
		{53D520BB-270D-4D20-B6BD-EA70CB61CDDB}.Release|Any CPU.ActiveCfg = Release|Any CPU
		{53D520BB-270D-4D20-B6BD-EA70CB61CDDB}.Release|Any CPU.Build.0 = Release|Any CPU
		{6C2718BA-B9F8-4D8C-BCA5-F641116241FA}.Debug|Any CPU.ActiveCfg = Debug|Any CPU
		{6C2718BA-B9F8-4D8C-BCA5-F641116241FA}.Debug|Any CPU.Build.0 = Debug|Any CPU
		{6C2718BA-B9F8-4D8C-BCA5-F641116241FA}.Release|Any CPU.ActiveCfg = Release|Any CPU
		{6C2718BA-B9F8-4D8C-BCA5-F641116241FA}.Release|Any CPU.Build.0 = Release|Any CPU
		{1594282F-D604-464C-81F8-CC16695825B8}.Debug|Any CPU.ActiveCfg = Debug|Any CPU
		{1594282F-D604-464C-81F8-CC16695825B8}.Debug|Any CPU.Build.0 = Debug|Any CPU
		{1594282F-D604-464C-81F8-CC16695825B8}.Release|Any CPU.ActiveCfg = Release|Any CPU
		{1594282F-D604-464C-81F8-CC16695825B8}.Release|Any CPU.Build.0 = Release|Any CPU
		{51EB5229-90B5-4A08-A85E-BC70E57BEA77}.Debug|Any CPU.ActiveCfg = Debug|Any CPU
		{51EB5229-90B5-4A08-A85E-BC70E57BEA77}.Debug|Any CPU.Build.0 = Debug|Any CPU
		{51EB5229-90B5-4A08-A85E-BC70E57BEA77}.Release|Any CPU.ActiveCfg = Release|Any CPU
		{51EB5229-90B5-4A08-A85E-BC70E57BEA77}.Release|Any CPU.Build.0 = Release|Any CPU
		{EE679D16-936E-434B-B147-DFDE9D3EE87A}.Debug|Any CPU.ActiveCfg = Debug|Any CPU
		{EE679D16-936E-434B-B147-DFDE9D3EE87A}.Debug|Any CPU.Build.0 = Debug|Any CPU
		{EE679D16-936E-434B-B147-DFDE9D3EE87A}.Release|Any CPU.ActiveCfg = Release|Any CPU
		{EE679D16-936E-434B-B147-DFDE9D3EE87A}.Release|Any CPU.Build.0 = Release|Any CPU
		{0AA139F6-754D-4147-92EE-C6761D34A557}.Debug|Any CPU.ActiveCfg = Debug|Any CPU
		{0AA139F6-754D-4147-92EE-C6761D34A557}.Debug|Any CPU.Build.0 = Debug|Any CPU
		{0AA139F6-754D-4147-92EE-C6761D34A557}.Release|Any CPU.ActiveCfg = Release|Any CPU
		{0AA139F6-754D-4147-92EE-C6761D34A557}.Release|Any CPU.Build.0 = Release|Any CPU
		{10EE9F0C-9F3E-42D5-A62A-0088852241E6}.Debug|Any CPU.ActiveCfg = Debug|Any CPU
		{10EE9F0C-9F3E-42D5-A62A-0088852241E6}.Debug|Any CPU.Build.0 = Debug|Any CPU
		{10EE9F0C-9F3E-42D5-A62A-0088852241E6}.Release|Any CPU.ActiveCfg = Release|Any CPU
		{10EE9F0C-9F3E-42D5-A62A-0088852241E6}.Release|Any CPU.Build.0 = Release|Any CPU
		{89C0AA28-5714-4509-9B40-FB7C16D7CC69}.Debug|Any CPU.ActiveCfg = Debug|Any CPU
		{89C0AA28-5714-4509-9B40-FB7C16D7CC69}.Debug|Any CPU.Build.0 = Debug|Any CPU
		{89C0AA28-5714-4509-9B40-FB7C16D7CC69}.Release|Any CPU.ActiveCfg = Release|Any CPU
		{89C0AA28-5714-4509-9B40-FB7C16D7CC69}.Release|Any CPU.Build.0 = Release|Any CPU
		{E3BA26F1-4390-47EC-AAA6-E5713D184962}.Debug|Any CPU.ActiveCfg = Debug|Any CPU
		{E3BA26F1-4390-47EC-AAA6-E5713D184962}.Debug|Any CPU.Build.0 = Debug|Any CPU
		{E3BA26F1-4390-47EC-AAA6-E5713D184962}.Release|Any CPU.ActiveCfg = Release|Any CPU
		{E3BA26F1-4390-47EC-AAA6-E5713D184962}.Release|Any CPU.Build.0 = Release|Any CPU
		{86FD76AB-3460-4FCC-85FB-42A1AA9FFACB}.Debug|Any CPU.ActiveCfg = Debug|Any CPU
		{86FD76AB-3460-4FCC-85FB-42A1AA9FFACB}.Debug|Any CPU.Build.0 = Debug|Any CPU
		{86FD76AB-3460-4FCC-85FB-42A1AA9FFACB}.Release|Any CPU.ActiveCfg = Release|Any CPU
		{86FD76AB-3460-4FCC-85FB-42A1AA9FFACB}.Release|Any CPU.Build.0 = Release|Any CPU
		{1C811722-7019-4FEE-926A-31732AAE1DC3}.Debug|Any CPU.ActiveCfg = Debug|Any CPU
		{1C811722-7019-4FEE-926A-31732AAE1DC3}.Debug|Any CPU.Build.0 = Debug|Any CPU
		{1C811722-7019-4FEE-926A-31732AAE1DC3}.Release|Any CPU.ActiveCfg = Release|Any CPU
		{1C811722-7019-4FEE-926A-31732AAE1DC3}.Release|Any CPU.Build.0 = Release|Any CPU
		{A37BCE8B-23D4-4519-A5FA-E40A52B22B37}.Debug|Any CPU.ActiveCfg = Debug|Any CPU
		{A37BCE8B-23D4-4519-A5FA-E40A52B22B37}.Debug|Any CPU.Build.0 = Debug|Any CPU
		{A37BCE8B-23D4-4519-A5FA-E40A52B22B37}.Release|Any CPU.ActiveCfg = Release|Any CPU
		{A37BCE8B-23D4-4519-A5FA-E40A52B22B37}.Release|Any CPU.Build.0 = Release|Any CPU
		{9DDD9D22-FE7D-4E6C-AE8D-387FE0D22BF0}.Debug|Any CPU.ActiveCfg = Debug|Any CPU
		{9DDD9D22-FE7D-4E6C-AE8D-387FE0D22BF0}.Debug|Any CPU.Build.0 = Debug|Any CPU
		{9DDD9D22-FE7D-4E6C-AE8D-387FE0D22BF0}.Release|Any CPU.ActiveCfg = Release|Any CPU
		{9DDD9D22-FE7D-4E6C-AE8D-387FE0D22BF0}.Release|Any CPU.Build.0 = Release|Any CPU
		{6C3BD54D-8D10-44BE-84DA-F8224AC142AD}.Debug|Any CPU.ActiveCfg = Debug|Any CPU
		{6C3BD54D-8D10-44BE-84DA-F8224AC142AD}.Debug|Any CPU.Build.0 = Debug|Any CPU
		{6C3BD54D-8D10-44BE-84DA-F8224AC142AD}.Release|Any CPU.ActiveCfg = Release|Any CPU
		{6C3BD54D-8D10-44BE-84DA-F8224AC142AD}.Release|Any CPU.Build.0 = Release|Any CPU
	EndGlobalSection
	GlobalSection(SolutionProperties) = preSolution
		HideSolutionNode = FALSE
	EndGlobalSection
	GlobalSection(NestedProjects) = preSolution
		{B98A6A47-E69C-463A-999C-5E5CE3D9C624} = {B43569AF-4975-4C01-B81B-D953D59D20E6}
		{E2532F9F-8F9D-4885-9066-E4A06CEEE767} = {8544B779-734E-403A-83FF-58C2DF6F907F}
		{5643F189-11DB-44B0-8C2C-0ABFBF82F3DC} = {8544B779-734E-403A-83FF-58C2DF6F907F}
		{F6E518C5-3C08-43F8-9130-74C46DAD1ACA} = {B43569AF-4975-4C01-B81B-D953D59D20E6}
		{3742F84A-1C17-4B2C-A8B9-D66DB7DDAE9F} = {B43569AF-4975-4C01-B81B-D953D59D20E6}
		{D5797163-ED5C-4CC4-A692-AD930322CC12} = {8544B779-734E-403A-83FF-58C2DF6F907F}
		{EBC65C3E-46C0-430A-8F56-E48F1486F29A} = {8544B779-734E-403A-83FF-58C2DF6F907F}
		{330807B1-5194-465A-B61B-BB228A126A67} = {4EE9CC06-FCAA-4355-955B-0F0F210D529B}
		{53D520BB-270D-4D20-B6BD-EA70CB61CDDB} = {7E32C8B8-7ECA-4D26-AF80-42471D6011FF}
		{6C2718BA-B9F8-4D8C-BCA5-F641116241FA} = {8544B779-734E-403A-83FF-58C2DF6F907F}
		{1594282F-D604-464C-81F8-CC16695825B8} = {4EE9CC06-FCAA-4355-955B-0F0F210D529B}
		{51EB5229-90B5-4A08-A85E-BC70E57BEA77} = {7E32C8B8-7ECA-4D26-AF80-42471D6011FF}
		{EE679D16-936E-434B-B147-DFDE9D3EE87A} = {8544B779-734E-403A-83FF-58C2DF6F907F}
		{0AA139F6-754D-4147-92EE-C6761D34A557} = {70E6881D-FACB-4299-AA61-996279A3C690}
		{10EE9F0C-9F3E-42D5-A62A-0088852241E6} = {8544B779-734E-403A-83FF-58C2DF6F907F}
		{89C0AA28-5714-4509-9B40-FB7C16D7CC69} = {8544B779-734E-403A-83FF-58C2DF6F907F}
		{A37BCE8B-23D4-4519-A5FA-E40A52B22B37} = {8544B779-734E-403A-83FF-58C2DF6F907F}
	EndGlobalSection
EndGlobal
